// !$*UTF8*$!
{
	archiveVersion = 1;
	classes = {
	};
	objectVersion = 46;
	objects = {

/* Begin PBXBuildFile section */
		F05D32EA197D3F0D00400FF9 /* main.m in Sources */ = {isa = PBXBuildFile; fileRef = F05D32E9197D3F0D00400FF9 /* main.m */; };
		F05D32ED197D3F0D00400FF9 /* AppDelegate.m in Sources */ = {isa = PBXBuildFile; fileRef = F05D32EC197D3F0D00400FF9 /* AppDelegate.m */; };
		F05D32F0197D3F0D00400FF9 /* ViewController.m in Sources */ = {isa = PBXBuildFile; fileRef = F05D32EF197D3F0D00400FF9 /* ViewController.m */; };
		F05D32F3197D3F0D00400FF9 /* Main.storyboard in Resources */ = {isa = PBXBuildFile; fileRef = F05D32F1197D3F0D00400FF9 /* Main.storyboard */; };
		F05D32F5197D3F0D00400FF9 /* Images.xcassets in Resources */ = {isa = PBXBuildFile; fileRef = F05D32F4197D3F0D00400FF9 /* Images.xcassets */; };
		F05D3301197D3F0E00400FF9 /* DriveBetterTests.m in Sources */ = {isa = PBXBuildFile; fileRef = F05D3300197D3F0E00400FF9 /* DriveBetterTests.m */; };
		F05D330B197D3F7700400FF9 /* MapKit.framework in Frameworks */ = {isa = PBXBuildFile; fileRef = F05D330A197D3F7700400FF9 /* MapKit.framework */; };
		F05D330F197D456200400FF9 /* CoreLocation.framework in Frameworks */ = {isa = PBXBuildFile; fileRef = F05D330E197D456200400FF9 /* CoreLocation.framework */; };
		F05D3312197D485D00400FF9 /* Car.m in Sources */ = {isa = PBXBuildFile; fileRef = F05D3311197D485D00400FF9 /* Car.m */; };
		F05D3315197D4E8000400FF9 /* CarAnnotation.m in Sources */ = {isa = PBXBuildFile; fileRef = F05D3314197D4E8000400FF9 /* CarAnnotation.m */; };
		F05D3317197D515F00400FF9 /* car@2x.png in Resources */ = {isa = PBXBuildFile; fileRef = F05D3316197D515F00400FF9 /* car@2x.png */; };
		F05D331B197D58DE00400FF9 /* AsyncImageView.m in Sources */ = {isa = PBXBuildFile; fileRef = F05D331A197D58DE00400FF9 /* AsyncImageView.m */; };
		F05D331F197D5C5100400FF9 /* reload@2x.png in Resources */ = {isa = PBXBuildFile; fileRef = F05D331E197D5C5100400FF9 /* reload@2x.png */; };
		F05D3321197D61B200400FF9 /* carhl@2x.png in Resources */ = {isa = PBXBuildFile; fileRef = F05D3320197D61B200400FF9 /* carhl@2x.png */; };
/* End PBXBuildFile section */

/* Begin PBXContainerItemProxy section */
		F05D32FB197D3F0E00400FF9 /* PBXContainerItemProxy */ = {
			isa = PBXContainerItemProxy;
			containerPortal = F05D32DC197D3F0D00400FF9 /* Project object */;
			proxyType = 1;
			remoteGlobalIDString = F05D32E3197D3F0D00400FF9;
			remoteInfo = DriveBetter;
		};
/* End PBXContainerItemProxy section */

/* Begin PBXFileReference section */
		F05D32E4197D3F0D00400FF9 /* DriveBetter.app */ = {isa = PBXFileReference; explicitFileType = wrapper.application; includeInIndex = 0; path = DriveBetter.app; sourceTree = BUILT_PRODUCTS_DIR; };
		F05D32E8197D3F0D00400FF9 /* Info.plist */ = {isa = PBXFileReference; lastKnownFileType = text.plist.xml; path = Info.plist; sourceTree = "<group>"; };
		F05D32E9197D3F0D00400FF9 /* main.m */ = {isa = PBXFileReference; lastKnownFileType = sourcecode.c.objc; path = main.m; sourceTree = "<group>"; };
		F05D32EB197D3F0D00400FF9 /* AppDelegate.h */ = {isa = PBXFileReference; lastKnownFileType = sourcecode.c.h; path = AppDelegate.h; sourceTree = "<group>"; };
		F05D32EC197D3F0D00400FF9 /* AppDelegate.m */ = {isa = PBXFileReference; lastKnownFileType = sourcecode.c.objc; path = AppDelegate.m; sourceTree = "<group>"; };
		F05D32EE197D3F0D00400FF9 /* ViewController.h */ = {isa = PBXFileReference; lastKnownFileType = sourcecode.c.h; path = ViewController.h; sourceTree = "<group>"; };
		F05D32EF197D3F0D00400FF9 /* ViewController.m */ = {isa = PBXFileReference; lastKnownFileType = sourcecode.c.objc; path = ViewController.m; sourceTree = "<group>"; };
		F05D32F2197D3F0D00400FF9 /* Base */ = {isa = PBXFileReference; lastKnownFileType = file.storyboard; name = Base; path = Base.lproj/Main.storyboard; sourceTree = "<group>"; };
		F05D32F4197D3F0D00400FF9 /* Images.xcassets */ = {isa = PBXFileReference; lastKnownFileType = folder.assetcatalog; path = Images.xcassets; sourceTree = "<group>"; };
		F05D32FA197D3F0E00400FF9 /* DriveBetterTests.xctest */ = {isa = PBXFileReference; explicitFileType = wrapper.cfbundle; includeInIndex = 0; path = DriveBetterTests.xctest; sourceTree = BUILT_PRODUCTS_DIR; };
		F05D32FF197D3F0E00400FF9 /* Info.plist */ = {isa = PBXFileReference; lastKnownFileType = text.plist.xml; path = Info.plist; sourceTree = "<group>"; };
		F05D3300197D3F0E00400FF9 /* DriveBetterTests.m */ = {isa = PBXFileReference; lastKnownFileType = sourcecode.c.objc; path = DriveBetterTests.m; sourceTree = "<group>"; };
		F05D330A197D3F7700400FF9 /* MapKit.framework */ = {isa = PBXFileReference; lastKnownFileType = wrapper.framework; name = MapKit.framework; path = System/Library/Frameworks/MapKit.framework; sourceTree = SDKROOT; };
		F05D330E197D456200400FF9 /* CoreLocation.framework */ = {isa = PBXFileReference; lastKnownFileType = wrapper.framework; name = CoreLocation.framework; path = System/Library/Frameworks/CoreLocation.framework; sourceTree = SDKROOT; };
		F05D3310197D485D00400FF9 /* Car.h */ = {isa = PBXFileReference; fileEncoding = 4; lastKnownFileType = sourcecode.c.h; path = Car.h; sourceTree = "<group>"; };
		F05D3311197D485D00400FF9 /* Car.m */ = {isa = PBXFileReference; fileEncoding = 4; lastKnownFileType = sourcecode.c.objc; path = Car.m; sourceTree = "<group>"; };
		F05D3313197D4E8000400FF9 /* CarAnnotation.h */ = {isa = PBXFileReference; fileEncoding = 4; lastKnownFileType = sourcecode.c.h; path = CarAnnotation.h; sourceTree = "<group>"; };
		F05D3314197D4E8000400FF9 /* CarAnnotation.m */ = {isa = PBXFileReference; fileEncoding = 4; lastKnownFileType = sourcecode.c.objc; path = CarAnnotation.m; sourceTree = "<group>"; };
		F05D3316197D515F00400FF9 /* car@2x.png */ = {isa = PBXFileReference; lastKnownFileType = image.png; path = "car@2x.png"; sourceTree = "<group>"; };
		F05D3319197D58DE00400FF9 /* AsyncImageView.h */ = {isa = PBXFileReference; fileEncoding = 4; lastKnownFileType = sourcecode.c.h; path = AsyncImageView.h; sourceTree = "<group>"; };
		F05D331A197D58DE00400FF9 /* AsyncImageView.m */ = {isa = PBXFileReference; fileEncoding = 4; lastKnownFileType = sourcecode.c.objc; path = AsyncImageView.m; sourceTree = "<group>"; };
		F05D331E197D5C5100400FF9 /* reload@2x.png */ = {isa = PBXFileReference; lastKnownFileType = image.png; path = "reload@2x.png"; sourceTree = "<group>"; };
		F05D3320197D61B200400FF9 /* carhl@2x.png */ = {isa = PBXFileReference; lastKnownFileType = image.png; path = "carhl@2x.png"; sourceTree = "<group>"; };
/* End PBXFileReference section */

/* Begin PBXFrameworksBuildPhase section */
		F05D32E1197D3F0D00400FF9 /* Frameworks */ = {
			isa = PBXFrameworksBuildPhase;
			buildActionMask = 2147483647;
			files = (
				F05D330F197D456200400FF9 /* CoreLocation.framework in Frameworks */,
				F05D330B197D3F7700400FF9 /* MapKit.framework in Frameworks */,
			);
			runOnlyForDeploymentPostprocessing = 0;
		};
		F05D32F7197D3F0E00400FF9 /* Frameworks */ = {
			isa = PBXFrameworksBuildPhase;
			buildActionMask = 2147483647;
			files = (
			);
			runOnlyForDeploymentPostprocessing = 0;
		};
/* End PBXFrameworksBuildPhase section */

/* Begin PBXGroup section */
		F01B7679197E9DE7000F8403 /* 3rd Party */ = {
			isa = PBXGroup;
			children = (
				F05D3318197D58DE00400FF9 /* AsyncImageView */,
			);
			name = "3rd Party";
			sourceTree = "<group>";
		};
		F01B767A197E9DF1000F8403 /* Model */ = {
			isa = PBXGroup;
			children = (
				F05D3310197D485D00400FF9 /* Car.h */,
				F05D3311197D485D00400FF9 /* Car.m */,
				F05D3313197D4E8000400FF9 /* CarAnnotation.h */,
				F05D3314197D4E8000400FF9 /* CarAnnotation.m */,
			);
			name = Model;
			sourceTree = "<group>";
		};
		F05D32DB197D3F0D00400FF9 = {
			isa = PBXGroup;
			children = (
				F05D330E197D456200400FF9 /* CoreLocation.framework */,
				F05D330A197D3F7700400FF9 /* MapKit.framework */,
				F05D32E6197D3F0D00400FF9 /* DriveBetter */,
				F05D32FD197D3F0E00400FF9 /* DriveBetterTests */,
				F05D32E5197D3F0D00400FF9 /* Products */,
			);
			sourceTree = "<group>";
		};
		F05D32E5197D3F0D00400FF9 /* Products */ = {
			isa = PBXGroup;
			children = (
				F05D32E4197D3F0D00400FF9 /* DriveBetter.app */,
				F05D32FA197D3F0E00400FF9 /* DriveBetterTests.xctest */,
			);
			name = Products;
			sourceTree = "<group>";
		};
		F05D32E6197D3F0D00400FF9 /* DriveBetter */ = {
			isa = PBXGroup;
			children = (
				F01B767A197E9DF1000F8403 /* Model */,
				F01B7679197E9DE7000F8403 /* 3rd Party */,
				F05D32EB197D3F0D00400FF9 /* AppDelegate.h */,
				F05D32EC197D3F0D00400FF9 /* AppDelegate.m */,
				F05D32EE197D3F0D00400FF9 /* ViewController.h */,
				F05D32EF197D3F0D00400FF9 /* ViewController.m */,
				F05D32F1197D3F0D00400FF9 /* Main.storyboard */,
				F05D32F4197D3F0D00400FF9 /* Images.xcassets */,
				F05D32E7197D3F0D00400FF9 /* Supporting Files */,
			);
			path = DriveBetter;
			sourceTree = "<group>";
		};
		F05D32E7197D3F0D00400FF9 /* Supporting Files */ = {
			isa = PBXGroup;
			children = (
				F05D3316197D515F00400FF9 /* car@2x.png */,
				F05D3320197D61B200400FF9 /* carhl@2x.png */,
				F05D331E197D5C5100400FF9 /* reload@2x.png */,
				F05D32E8197D3F0D00400FF9 /* Info.plist */,
				F05D32E9197D3F0D00400FF9 /* main.m */,
			);
			name = "Supporting Files";
			sourceTree = "<group>";
		};
		F05D32FD197D3F0E00400FF9 /* DriveBetterTests */ = {
			isa = PBXGroup;
			children = (
				F05D3300197D3F0E00400FF9 /* DriveBetterTests.m */,
				F05D32FE197D3F0E00400FF9 /* Supporting Files */,
			);
			path = DriveBetterTests;
			sourceTree = "<group>";
		};
		F05D32FE197D3F0E00400FF9 /* Supporting Files */ = {
			isa = PBXGroup;
			children = (
				F05D32FF197D3F0E00400FF9 /* Info.plist */,
			);
			name = "Supporting Files";
			sourceTree = "<group>";
		};
		F05D3318197D58DE00400FF9 /* AsyncImageView */ = {
			isa = PBXGroup;
			children = (
				F05D3319197D58DE00400FF9 /* AsyncImageView.h */,
				F05D331A197D58DE00400FF9 /* AsyncImageView.m */,
			);
			path = AsyncImageView;
			sourceTree = "<group>";
		};
/* End PBXGroup section */

/* Begin PBXNativeTarget section */
		F05D32E3197D3F0D00400FF9 /* DriveBetter */ = {
			isa = PBXNativeTarget;
			buildConfigurationList = F05D3304197D3F0E00400FF9 /* Build configuration list for PBXNativeTarget "DriveBetter" */;
			buildPhases = (
				F05D32E0197D3F0D00400FF9 /* Sources */,
				F05D32E1197D3F0D00400FF9 /* Frameworks */,
				F05D32E2197D3F0D00400FF9 /* Resources */,
			);
			buildRules = (
			);
			dependencies = (
			);
			name = DriveBetter;
			productName = DriveBetter;
			productReference = F05D32E4197D3F0D00400FF9 /* DriveBetter.app */;
			productType = "com.apple.product-type.application";
		};
		F05D32F9197D3F0E00400FF9 /* DriveBetterTests */ = {
			isa = PBXNativeTarget;
			buildConfigurationList = F05D3307197D3F0E00400FF9 /* Build configuration list for PBXNativeTarget "DriveBetterTests" */;
			buildPhases = (
				F05D32F6197D3F0E00400FF9 /* Sources */,
				F05D32F7197D3F0E00400FF9 /* Frameworks */,
				F05D32F8197D3F0E00400FF9 /* Resources */,
			);
			buildRules = (
			);
			dependencies = (
				F05D32FC197D3F0E00400FF9 /* PBXTargetDependency */,
			);
			name = DriveBetterTests;
			productName = DriveBetterTests;
			productReference = F05D32FA197D3F0E00400FF9 /* DriveBetterTests.xctest */;
			productType = "com.apple.product-type.bundle.unit-test";
		};
/* End PBXNativeTarget section */

/* Begin PBXProject section */
		F05D32DC197D3F0D00400FF9 /* Project object */ = {
			isa = PBXProject;
			attributes = {
				LastUpgradeCheck = 0600;
				ORGANIZATIONNAME = "Philipp Waldhauer";
				TargetAttributes = {
					F05D32E3197D3F0D00400FF9 = {
						CreatedOnToolsVersion = 6.0;
					};
					F05D32F9197D3F0E00400FF9 = {
						CreatedOnToolsVersion = 6.0;
						TestTargetID = F05D32E3197D3F0D00400FF9;
					};
				};
			};
			buildConfigurationList = F05D32DF197D3F0D00400FF9 /* Build configuration list for PBXProject "DriveBetter" */;
			compatibilityVersion = "Xcode 3.2";
			developmentRegion = English;
			hasScannedForEncodings = 0;
			knownRegions = (
				en,
				Base,
			);
			mainGroup = F05D32DB197D3F0D00400FF9;
			productRefGroup = F05D32E5197D3F0D00400FF9 /* Products */;
			projectDirPath = "";
			projectRoot = "";
			targets = (
				F05D32E3197D3F0D00400FF9 /* DriveBetter */,
				F05D32F9197D3F0E00400FF9 /* DriveBetterTests */,
			);
		};
/* End PBXProject section */

/* Begin PBXResourcesBuildPhase section */
		F05D32E2197D3F0D00400FF9 /* Resources */ = {
			isa = PBXResourcesBuildPhase;
			buildActionMask = 2147483647;
			files = (
				F05D32F3197D3F0D00400FF9 /* Main.storyboard in Resources */,
				F05D3321197D61B200400FF9 /* carhl@2x.png in Resources */,
				F05D3317197D515F00400FF9 /* car@2x.png in Resources */,
				F05D32F5197D3F0D00400FF9 /* Images.xcassets in Resources */,
				F05D331F197D5C5100400FF9 /* reload@2x.png in Resources */,
			);
			runOnlyForDeploymentPostprocessing = 0;
		};
		F05D32F8197D3F0E00400FF9 /* Resources */ = {
			isa = PBXResourcesBuildPhase;
			buildActionMask = 2147483647;
			files = (
			);
			runOnlyForDeploymentPostprocessing = 0;
		};
/* End PBXResourcesBuildPhase section */

/* Begin PBXSourcesBuildPhase section */
		F05D32E0197D3F0D00400FF9 /* Sources */ = {
			isa = PBXSourcesBuildPhase;
			buildActionMask = 2147483647;
			files = (
				F05D3315197D4E8000400FF9 /* CarAnnotation.m in Sources */,
				F05D331B197D58DE00400FF9 /* AsyncImageView.m in Sources */,
				F05D32F0197D3F0D00400FF9 /* ViewController.m in Sources */,
				F05D32ED197D3F0D00400FF9 /* AppDelegate.m in Sources */,
				F05D3312197D485D00400FF9 /* Car.m in Sources */,
				F05D32EA197D3F0D00400FF9 /* main.m in Sources */,
			);
			runOnlyForDeploymentPostprocessing = 0;
		};
		F05D32F6197D3F0E00400FF9 /* Sources */ = {
			isa = PBXSourcesBuildPhase;
			buildActionMask = 2147483647;
			files = (
				F05D3301197D3F0E00400FF9 /* DriveBetterTests.m in Sources */,
			);
			runOnlyForDeploymentPostprocessing = 0;
		};
/* End PBXSourcesBuildPhase section */

/* Begin PBXTargetDependency section */
		F05D32FC197D3F0E00400FF9 /* PBXTargetDependency */ = {
			isa = PBXTargetDependency;
			target = F05D32E3197D3F0D00400FF9 /* DriveBetter */;
			targetProxy = F05D32FB197D3F0E00400FF9 /* PBXContainerItemProxy */;
		};
/* End PBXTargetDependency section */

/* Begin PBXVariantGroup section */
		F05D32F1197D3F0D00400FF9 /* Main.storyboard */ = {
			isa = PBXVariantGroup;
			children = (
				F05D32F2197D3F0D00400FF9 /* Base */,
			);
			name = Main.storyboard;
			sourceTree = "<group>";
		};
/* End PBXVariantGroup section */

/* Begin XCBuildConfiguration section */
		F05D3302197D3F0E00400FF9 /* Debug */ = {
			isa = XCBuildConfiguration;
			buildSettings = {
				ALWAYS_SEARCH_USER_PATHS = NO;
				CLANG_CXX_LANGUAGE_STANDARD = "gnu++0x";
				CLANG_CXX_LIBRARY = "libc++";
				CLANG_ENABLE_MODULES = YES;
				CLANG_ENABLE_OBJC_ARC = YES;
				CLANG_WARN_BOOL_CONVERSION = YES;
				CLANG_WARN_CONSTANT_CONVERSION = YES;
				CLANG_WARN_DIRECT_OBJC_ISA_USAGE = YES_ERROR;
				CLANG_WARN_EMPTY_BODY = YES;
				CLANG_WARN_ENUM_CONVERSION = YES;
				CLANG_WARN_INT_CONVERSION = YES;
				CLANG_WARN_OBJC_ROOT_CLASS = YES_ERROR;
				CLANG_WARN_UNREACHABLE_CODE = YES;
				CLANG_WARN__DUPLICATE_METHOD_MATCH = YES;
				"CODE_SIGN_IDENTITY[sdk=iphoneos*]" = "iPhone Developer";
				COPY_PHASE_STRIP = NO;
				ENABLE_STRICT_OBJC_MSGSEND = YES;
				GCC_C_LANGUAGE_STANDARD = gnu99;
				GCC_DYNAMIC_NO_PIC = NO;
				GCC_OPTIMIZATION_LEVEL = 0;
				GCC_PREPROCESSOR_DEFINITIONS = (
					"DEBUG=1",
					"$(inherited)",
				);
				GCC_SYMBOLS_PRIVATE_EXTERN = NO;
				GCC_WARN_64_TO_32_BIT_CONVERSION = YES;
				GCC_WARN_ABOUT_RETURN_TYPE = YES_ERROR;
				GCC_WARN_UNDECLARED_SELECTOR = YES;
				GCC_WARN_UNINITIALIZED_AUTOS = YES_AGGRESSIVE;
				GCC_WARN_UNUSED_FUNCTION = YES;
				GCC_WARN_UNUSED_VARIABLE = YES;
				IPHONEOS_DEPLOYMENT_TARGET = 8.0;
				MTL_ENABLE_DEBUG_INFO = YES;
				ONLY_ACTIVE_ARCH = YES;
				SDKROOT = iphoneos;
			};
			name = Debug;
		};
		F05D3303197D3F0E00400FF9 /* Release */ = {
			isa = XCBuildConfiguration;
			buildSettings = {
				ALWAYS_SEARCH_USER_PATHS = NO;
				CLANG_CXX_LANGUAGE_STANDARD = "gnu++0x";
				CLANG_CXX_LIBRARY = "libc++";
				CLANG_ENABLE_MODULES = YES;
				CLANG_ENABLE_OBJC_ARC = YES;
				CLANG_WARN_BOOL_CONVERSION = YES;
				CLANG_WARN_CONSTANT_CONVERSION = YES;
				CLANG_WARN_DIRECT_OBJC_ISA_USAGE = YES_ERROR;
				CLANG_WARN_EMPTY_BODY = YES;
				CLANG_WARN_ENUM_CONVERSION = YES;
				CLANG_WARN_INT_CONVERSION = YES;
				CLANG_WARN_OBJC_ROOT_CLASS = YES_ERROR;
				CLANG_WARN_UNREACHABLE_CODE = YES;
				CLANG_WARN__DUPLICATE_METHOD_MATCH = YES;
				"CODE_SIGN_IDENTITY[sdk=iphoneos*]" = "iPhone Developer";
				COPY_PHASE_STRIP = YES;
				ENABLE_NS_ASSERTIONS = NO;
				ENABLE_STRICT_OBJC_MSGSEND = YES;
				GCC_C_LANGUAGE_STANDARD = gnu99;
				GCC_WARN_64_TO_32_BIT_CONVERSION = YES;
				GCC_WARN_ABOUT_RETURN_TYPE = YES_ERROR;
				GCC_WARN_UNDECLARED_SELECTOR = YES;
				GCC_WARN_UNINITIALIZED_AUTOS = YES_AGGRESSIVE;
				GCC_WARN_UNUSED_FUNCTION = YES;
				GCC_WARN_UNUSED_VARIABLE = YES;
				IPHONEOS_DEPLOYMENT_TARGET = 8.0;
				MTL_ENABLE_DEBUG_INFO = NO;
				SDKROOT = iphoneos;
				VALIDATE_PRODUCT = YES;
			};
			name = Release;
		};
		F05D3305197D3F0E00400FF9 /* Debug */ = {
			isa = XCBuildConfiguration;
			buildSettings = {
				ASSETCATALOG_COMPILER_APPICON_NAME = AppIcon;
				ASSETCATALOG_COMPILER_LAUNCHIMAGE_NAME = LaunchImage;
				INFOPLIST_FILE = DriveBetter/Info.plist;
				LD_RUNPATH_SEARCH_PATHS = "$(inherited) @executable_path/Frameworks";
				PRODUCT_NAME = "$(TARGET_NAME)";
			};
			name = Debug;
		};
		F05D3306197D3F0E00400FF9 /* Release */ = {
			isa = XCBuildConfiguration;
			buildSettings = {
				ASSETCATALOG_COMPILER_APPICON_NAME = AppIcon;
				ASSETCATALOG_COMPILER_LAUNCHIMAGE_NAME = LaunchImage;
				INFOPLIST_FILE = DriveBetter/Info.plist;
				LD_RUNPATH_SEARCH_PATHS = "$(inherited) @executable_path/Frameworks";
				PRODUCT_NAME = "$(TARGET_NAME)";
			};
			name = Release;
		};
		F05D3308197D3F0E00400FF9 /* Debug */ = {
			isa = XCBuildConfiguration;
			buildSettings = {
				BUNDLE_LOADER = "$(BUILT_PRODUCTS_DIR)/DriveBetter.app/DriveBetter";
				FRAMEWORK_SEARCH_PATHS = (
					"$(SDKROOT)/Developer/Library/Frameworks",
					"$(inherited)",
				);
				GCC_PREPROCESSOR_DEFINITIONS = (
					"DEBUG=1",
					"$(inherited)",
				);
				INFOPLIST_FILE = DriveBetterTests/Info.plist;
				LD_RUNPATH_SEARCH_PATHS = "$(inherited) @executable_path/Frameworks @loader_path/Frameworks";
				PRODUCT_NAME = "$(TARGET_NAME)";
				TEST_HOST = "$(BUNDLE_LOADER)";
			};
			name = Debug;
		};
		F05D3309197D3F0E00400FF9 /* Release */ = {
			isa = XCBuildConfiguration;
			buildSettings = {
				BUNDLE_LOADER = "$(BUILT_PRODUCTS_DIR)/DriveBetter.app/DriveBetter";
				FRAMEWORK_SEARCH_PATHS = (
					"$(SDKROOT)/Developer/Library/Frameworks",
					"$(inherited)",
				);
				INFOPLIST_FILE = DriveBetterTests/Info.plist;
				LD_RUNPATH_SEARCH_PATHS = "$(inherited) @executable_path/Frameworks @loader_path/Frameworks";
				PRODUCT_NAME = "$(TARGET_NAME)";
				TEST_HOST = "$(BUNDLE_LOADER)";
			};
			name = Release;
		};
/* End XCBuildConfiguration section */

/* Begin XCConfigurationList section */
		F05D32DF197D3F0D00400FF9 /* Build configuration list for PBXProject "DriveBetter" */ = {
			isa = XCConfigurationList;
			buildConfigurations = (
				F05D3302197D3F0E00400FF9 /* Debug */,
				F05D3303197D3F0E00400FF9 /* Release */,
			);
			defaultConfigurationIsVisible = 0;
			defaultConfigurationName = Release;
		};
		F05D3304197D3F0E00400FF9 /* Build configuration list for PBXNativeTarget "DriveBetter" */ = {
			isa = XCConfigurationList;
			buildConfigurations = (
				F05D3305197D3F0E00400FF9 /* Debug */,
				F05D3306197D3F0E00400FF9 /* Release */,
			);
			defaultConfigurationIsVisible = 0;
			defaultConfigurationName = Release;
		};
		F05D3307197D3F0E00400FF9 /* Build configuration list for PBXNativeTarget "DriveBetterTests" */ = {
			isa = XCConfigurationList;
			buildConfigurations = (
				F05D3308197D3F0E00400FF9 /* Debug */,
				F05D3309197D3F0E00400FF9 /* Release */,
			);
			defaultConfigurationIsVisible = 0;
			defaultConfigurationName = Release;
		};
/* End XCConfigurationList section */
	};
	rootObject = F05D32DC197D3F0D00400FF9 /* Project object */;
}
